Microsoft Visual Studio Solution File, Format Version 12.00
# Visual Studio 15
VisualStudioVersion = 15.0.27004.2005
MinimumVisualStudioVersion = 10.0.40219.1
Project("{2150E333-8FDC-42A3-9474-1A3956D46DE8}") = "src", "src", "{2120AF57-3C7F-47D3-BDEC-470CDAD2D1DD}"
EndProject
Project("{2150E333-8FDC-42A3-9474-1A3956D46DE8}") = "Solution Items", "Solution Items", "{FB58B8EA-A133-4430-B932-ED47D787517F}"
EndProject
Project("{2150E333-8FDC-42A3-9474-1A3956D46DE8}") = "test", "test", "{16DC6DBB-D58A-4BAF-AA68-32A995330D46}"
EndProject
Project("{9A19103F-16F7-4668-BE54-9A1E7A4F7556}") = "Coalesce.Starter.Web", "src\Coalesce.Starter.Web\Coalesce.Starter.Web.csproj", "{BB011F45-1DB2-4BD8-B5A0-EC6A07B56859}"
EndProject
Project("{9A19103F-16F7-4668-BE54-9A1E7A4F7556}") = "Coalesce.Starter.Data", "src\Coalesce.Starter.Data\Coalesce.Starter.Data.csproj", "{2AC25B2F-5813-4BF4-BC20-F408213390D9}"
EndProject
Global
	GlobalSection(SolutionConfigurationPlatforms) = preSolution
		Debug|Any CPU = Debug|Any CPU
		Release|Any CPU = Release|Any CPU
	EndGlobalSection
	GlobalSection(ProjectConfigurationPlatforms) = postSolution
		{BB011F45-1DB2-4BD8-B5A0-EC6A07B56859}.Debug|Any CPU.ActiveCfg = Debug|Any CPU
		{BB011F45-1DB2-4BD8-B5A0-EC6A07B56859}.Debug|Any CPU.Build.0 = Debug|Any CPU
		{BB011F45-1DB2-4BD8-B5A0-EC6A07B56859}.Release|Any CPU.ActiveCfg = Release|Any CPU
		{BB011F45-1DB2-4BD8-B5A0-EC6A07B56859}.Release|Any CPU.Build.0 = Release|Any CPU
		{2AC25B2F-5813-4BF4-BC20-F408213390D9}.Debug|Any CPU.ActiveCfg = Debug|Any CPU
		{2AC25B2F-5813-4BF4-BC20-F408213390D9}.Debug|Any CPU.Build.0 = Debug|Any CPU
		{2AC25B2F-5813-4BF4-BC20-F408213390D9}.Release|Any CPU.ActiveCfg = Release|Any CPU
		{2AC25B2F-5813-4BF4-BC20-F408213390D9}.Release|Any CPU.Build.0 = Release|Any CPU
	EndGlobalSection
	GlobalSection(SolutionProperties) = preSolution
		HideSolutionNode = FALSE
	EndGlobalSection
	GlobalSection(NestedProjects) = preSolution
		{BB011F45-1DB2-4BD8-B5A0-EC6A07B56859} = {2120AF57-3C7F-47D3-BDEC-470CDAD2D1DD}
		{2AC25B2F-5813-4BF4-BC20-F408213390D9} = {2120AF57-3C7F-47D3-BDEC-470CDAD2D1DD}
	EndGlobalSection
	GlobalSection(ExtensibilityGlobals) = postSolution
		SolutionGuid = {CB1115D0-059B-4B9E-B0EE-9F9B91915075}
	EndGlobalSection
EndGlobal
